
Microsoft Visual Studio Solution File, Format Version 12.00
# Visual Studio Version 17
VisualStudioVersion = 17.1.32328.378
MinimumVisualStudioVersion = 10.0.40219.1
Project("{FAE04EC0-301F-11D3-BF4B-00C04F79EFBC}") = "AWP.Web", "AWP.Web\AWP.Web.csproj", "{1278F3CF-0B6B-40E9-96E6-E443FFD73C66}"
EndProject
Project("{9092AA53-FB77-4645-B42D-1CCCA6BD08BD}") = "AWP.Js", "AWP.Js\AWP.Js.njsproj", "{423484D2-F2A8-4C3A-B55F-FE7EEC2846E5}"
EndProject
Project("{2150E333-8FDC-42A3-9474-1A3956D46DE8}") = "Solution Items", "Solution Items", "{34C75ABE-504E-4610-B444-09CA1092702A}"
	ProjectSection(SolutionItems) = preProject
		.editorconfig = .editorconfig
		CodeCoverage.runsettings = CodeCoverage.runsettings
	EndProjectSection
EndProject
Project("{FAE04EC0-301F-11D3-BF4B-00C04F79EFBC}") = "Keycloak.IdentityModel", "Keycloak.IdentityModel\Keycloak.IdentityModel.csproj", "{FA6DDDD7-366A-4012-ACF2-252C599F80C0}"
EndProject
Project("{FAE04EC0-301F-11D3-BF4B-00C04F79EFBC}") = "Owin.Security.Keycloak", "Owin.Security.Keycloak\Owin.Security.Keycloak.csproj", "{16EDD97E-727A-4366-BF79-629295A162D1}"
EndProject
Project("{FAE04EC0-301F-11D3-BF4B-00C04F79EFBC}") = "AWP.Common", "AWP.Common\AWP.Common.csproj", "{FD43F4C9-A4E5-4F36-850E-AE9E1B1E986D}"
EndProject
Global
	GlobalSection(SolutionConfigurationPlatforms) = preSolution
		AdvSol|Any CPU = AdvSol|Any CPU
		Debug|Any CPU = Debug|Any CPU
		DEV|Any CPU = DEV|Any CPU
		Final|Any CPU = Final|Any CPU
		PRD|Any CPU = PRD|Any CPU
		Release|Any CPU = Release|Any CPU
		RFT|Any CPU = RFT|Any CPU
		RFTC1|Any CPU = RFTC1|Any CPU
		RFTC2|Any CPU = RFTC2|Any CPU
		RFTK2|Any CPU = RFTK2|Any CPU
		TST|Any CPU = TST|Any CPU
		UAT|Any CPU = UAT|Any CPU
		UATC1|Any CPU = UATC1|Any CPU
		UATC2|Any CPU = UATC2|Any CPU
		UATK2|Any CPU = UATK2|Any CPU
	EndGlobalSection
	GlobalSection(ProjectConfigurationPlatforms) = postSolution
		{1278F3CF-0B6B-40E9-96E6-E443FFD73C66}.AdvSol|Any CPU.ActiveCfg = AdvSol|Any CPU
		{1278F3CF-0B6B-40E9-96E6-E443FFD73C66}.AdvSol|Any CPU.Build.0 = AdvSol|Any CPU
		{1278F3CF-0B6B-40E9-96E6-E443FFD73C66}.Debug|Any CPU.ActiveCfg = Debug|Any CPU
		{1278F3CF-0B6B-40E9-96E6-E443FFD73C66}.Debug|Any CPU.Build.0 = Debug|Any CPU
		{1278F3CF-0B6B-40E9-96E6-E443FFD73C66}.DEV|Any CPU.ActiveCfg = DEV|Any CPU
		{1278F3CF-0B6B-40E9-96E6-E443FFD73C66}.DEV|Any CPU.Build.0 = DEV|Any CPU
		{1278F3CF-0B6B-40E9-96E6-E443FFD73C66}.Final|Any CPU.ActiveCfg = UATK2|Any CPU
		{1278F3CF-0B6B-40E9-96E6-E443FFD73C66}.Final|Any CPU.Build.0 = UATK2|Any CPU
		{1278F3CF-0B6B-40E9-96E6-E443FFD73C66}.PRD|Any CPU.ActiveCfg = PRD|Any CPU
		{1278F3CF-0B6B-40E9-96E6-E443FFD73C66}.PRD|Any CPU.Build.0 = PRD|Any CPU
		{1278F3CF-0B6B-40E9-96E6-E443FFD73C66}.Release|Any CPU.ActiveCfg = Release|Any CPU
		{1278F3CF-0B6B-40E9-96E6-E443FFD73C66}.Release|Any CPU.Build.0 = Release|Any CPU
		{1278F3CF-0B6B-40E9-96E6-E443FFD73C66}.RFT|Any CPU.ActiveCfg = RFT|Any CPU
		{1278F3CF-0B6B-40E9-96E6-E443FFD73C66}.RFT|Any CPU.Build.0 = RFT|Any CPU
		{1278F3CF-0B6B-40E9-96E6-E443FFD73C66}.RFTC1|Any CPU.ActiveCfg = RFTC1|Any CPU
		{1278F3CF-0B6B-40E9-96E6-E443FFD73C66}.RFTC1|Any CPU.Build.0 = RFTC1|Any CPU
		{1278F3CF-0B6B-40E9-96E6-E443FFD73C66}.RFTC2|Any CPU.ActiveCfg = RFTC2|Any CPU
		{1278F3CF-0B6B-40E9-96E6-E443FFD73C66}.RFTC2|Any CPU.Build.0 = RFTC2|Any CPU
		{1278F3CF-0B6B-40E9-96E6-E443FFD73C66}.RFTK2|Any CPU.ActiveCfg = RFTK2|Any CPU
		{1278F3CF-0B6B-40E9-96E6-E443FFD73C66}.RFTK2|Any CPU.Build.0 = RFTK2|Any CPU
		{1278F3CF-0B6B-40E9-96E6-E443FFD73C66}.TST|Any CPU.ActiveCfg = TST|Any CPU
		{1278F3CF-0B6B-40E9-96E6-E443FFD73C66}.TST|Any CPU.Build.0 = TST|Any CPU
		{1278F3CF-0B6B-40E9-96E6-E443FFD73C66}.UAT|Any CPU.ActiveCfg = UAT|Any CPU
		{1278F3CF-0B6B-40E9-96E6-E443FFD73C66}.UAT|Any CPU.Build.0 = UAT|Any CPU
		{1278F3CF-0B6B-40E9-96E6-E443FFD73C66}.UATC1|Any CPU.ActiveCfg = UATC1|Any CPU
		{1278F3CF-0B6B-40E9-96E6-E443FFD73C66}.UATC1|Any CPU.Build.0 = UATC1|Any CPU
		{1278F3CF-0B6B-40E9-96E6-E443FFD73C66}.UATC2|Any CPU.ActiveCfg = UATC2|Any CPU
		{1278F3CF-0B6B-40E9-96E6-E443FFD73C66}.UATC2|Any CPU.Build.0 = UATC2|Any CPU
		{1278F3CF-0B6B-40E9-96E6-E443FFD73C66}.UATK2|Any CPU.ActiveCfg = UATK2|Any CPU
		{1278F3CF-0B6B-40E9-96E6-E443FFD73C66}.UATK2|Any CPU.Build.0 = UATK2|Any CPU
		{423484D2-F2A8-4C3A-B55F-FE7EEC2846E5}.AdvSol|Any CPU.ActiveCfg = Release|Any CPU
		{423484D2-F2A8-4C3A-B55F-FE7EEC2846E5}.Debug|Any CPU.ActiveCfg = Debug|Any CPU
		{423484D2-F2A8-4C3A-B55F-FE7EEC2846E5}.Debug|Any CPU.Build.0 = Debug|Any CPU
		{423484D2-F2A8-4C3A-B55F-FE7EEC2846E5}.DEV|Any CPU.ActiveCfg = Debug|Any CPU
		{423484D2-F2A8-4C3A-B55F-FE7EEC2846E5}.Final|Any CPU.ActiveCfg = Debug|Any CPU
		{423484D2-F2A8-4C3A-B55F-FE7EEC2846E5}.PRD|Any CPU.ActiveCfg = Release|Any CPU
		{423484D2-F2A8-4C3A-B55F-FE7EEC2846E5}.Release|Any CPU.ActiveCfg = Release|Any CPU
		{423484D2-F2A8-4C3A-B55F-FE7EEC2846E5}.Release|Any CPU.Build.0 = Release|Any CPU
		{423484D2-F2A8-4C3A-B55F-FE7EEC2846E5}.RFT|Any CPU.ActiveCfg = Release|Any CPU
		{423484D2-F2A8-4C3A-B55F-FE7EEC2846E5}.RFTC1|Any CPU.ActiveCfg = Debug|Any CPU
		{423484D2-F2A8-4C3A-B55F-FE7EEC2846E5}.RFTC2|Any CPU.ActiveCfg = Debug|Any CPU
		{423484D2-F2A8-4C3A-B55F-FE7EEC2846E5}.RFTK2|Any CPU.ActiveCfg = Debug|Any CPU
		{423484D2-F2A8-4C3A-B55F-FE7EEC2846E5}.TST|Any CPU.ActiveCfg = Release|Any CPU
		{423484D2-F2A8-4C3A-B55F-FE7EEC2846E5}.UAT|Any CPU.ActiveCfg = Release|Any CPU
		{423484D2-F2A8-4C3A-B55F-FE7EEC2846E5}.UATC1|Any CPU.ActiveCfg = Debug|Any CPU
		{423484D2-F2A8-4C3A-B55F-FE7EEC2846E5}.UATC2|Any CPU.ActiveCfg = Debug|Any CPU
		{423484D2-F2A8-4C3A-B55F-FE7EEC2846E5}.UATK2|Any CPU.ActiveCfg = Debug|Any CPU
		{FA6DDDD7-366A-4012-ACF2-252C599F80C0}.AdvSol|Any CPU.ActiveCfg = Debug|Any CPU
		{FA6DDDD7-366A-4012-ACF2-252C599F80C0}.AdvSol|Any CPU.Build.0 = Debug|Any CPU
		{FA6DDDD7-366A-4012-ACF2-252C599F80C0}.Debug|Any CPU.ActiveCfg = Debug|Any CPU
		{FA6DDDD7-366A-4012-ACF2-252C599F80C0}.Debug|Any CPU.Build.0 = Debug|Any CPU
		{FA6DDDD7-366A-4012-ACF2-252C599F80C0}.DEV|Any CPU.ActiveCfg = Debug|Any CPU
		{FA6DDDD7-366A-4012-ACF2-252C599F80C0}.DEV|Any CPU.Build.0 = Debug|Any CPU
		{FA6DDDD7-366A-4012-ACF2-252C599F80C0}.Final|Any CPU.ActiveCfg = Final|Any CPU
		{FA6DDDD7-366A-4012-ACF2-252C599F80C0}.Final|Any CPU.Build.0 = Final|Any CPU
		{FA6DDDD7-366A-4012-ACF2-252C599F80C0}.PRD|Any CPU.ActiveCfg = Debug|Any CPU
		{FA6DDDD7-366A-4012-ACF2-252C599F80C0}.PRD|Any CPU.Build.0 = Debug|Any CPU
		{FA6DDDD7-366A-4012-ACF2-252C599F80C0}.Release|Any CPU.ActiveCfg = Release|Any CPU
		{FA6DDDD7-366A-4012-ACF2-252C599F80C0}.Release|Any CPU.Build.0 = Release|Any CPU
		{FA6DDDD7-366A-4012-ACF2-252C599F80C0}.RFT|Any CPU.ActiveCfg = Debug|Any CPU
		{FA6DDDD7-366A-4012-ACF2-252C599F80C0}.RFT|Any CPU.Build.0 = Debug|Any CPU
		{FA6DDDD7-366A-4012-ACF2-252C599F80C0}.RFTC1|Any CPU.ActiveCfg = Debug|Any CPU
		{FA6DDDD7-366A-4012-ACF2-252C599F80C0}.RFTC1|Any CPU.Build.0 = Debug|Any CPU
		{FA6DDDD7-366A-4012-ACF2-252C599F80C0}.RFTC2|Any CPU.ActiveCfg = Debug|Any CPU
		{FA6DDDD7-366A-4012-ACF2-252C599F80C0}.RFTC2|Any CPU.Build.0 = Debug|Any CPU
		{FA6DDDD7-366A-4012-ACF2-252C599F80C0}.RFTK2|Any CPU.ActiveCfg = Debug|Any CPU
		{FA6DDDD7-366A-4012-ACF2-252C599F80C0}.RFTK2|Any CPU.Build.0 = Debug|Any CPU
		{FA6DDDD7-366A-4012-ACF2-252C599F80C0}.TST|Any CPU.ActiveCfg = Debug|Any CPU
		{FA6DDDD7-366A-4012-ACF2-252C599F80C0}.TST|Any CPU.Build.0 = Debug|Any CPU
		{FA6DDDD7-366A-4012-ACF2-252C599F80C0}.UAT|Any CPU.ActiveCfg = Debug|Any CPU
		{FA6DDDD7-366A-4012-ACF2-252C599F80C0}.UAT|Any CPU.Build.0 = Debug|Any CPU
		{FA6DDDD7-366A-4012-ACF2-252C599F80C0}.UATC1|Any CPU.ActiveCfg = Debug|Any CPU
		{FA6DDDD7-366A-4012-ACF2-252C599F80C0}.UATC1|Any CPU.Build.0 = Debug|Any CPU
		{FA6DDDD7-366A-4012-ACF2-252C599F80C0}.UATC2|Any CPU.ActiveCfg = Debug|Any CPU
		{FA6DDDD7-366A-4012-ACF2-252C599F80C0}.UATC2|Any CPU.Build.0 = Debug|Any CPU
		{FA6DDDD7-366A-4012-ACF2-252C599F80C0}.UATK2|Any CPU.ActiveCfg = Debug|Any CPU
		{FA6DDDD7-366A-4012-ACF2-252C599F80C0}.UATK2|Any CPU.Build.0 = Debug|Any CPU
		{16EDD97E-727A-4366-BF79-629295A162D1}.AdvSol|Any CPU.ActiveCfg = Debug|Any CPU
		{16EDD97E-727A-4366-BF79-629295A162D1}.AdvSol|Any CPU.Build.0 = Debug|Any CPU
		{16EDD97E-727A-4366-BF79-629295A162D1}.Debug|Any CPU.ActiveCfg = Debug|Any CPU
		{16EDD97E-727A-4366-BF79-629295A162D1}.Debug|Any CPU.Build.0 = Debug|Any CPU
		{16EDD97E-727A-4366-BF79-629295A162D1}.DEV|Any CPU.ActiveCfg = Debug|Any CPU
		{16EDD97E-727A-4366-BF79-629295A162D1}.DEV|Any CPU.Build.0 = Debug|Any CPU
		{16EDD97E-727A-4366-BF79-629295A162D1}.Final|Any CPU.ActiveCfg = Final|Any CPU
		{16EDD97E-727A-4366-BF79-629295A162D1}.Final|Any CPU.Build.0 = Final|Any CPU
		{16EDD97E-727A-4366-BF79-629295A162D1}.PRD|Any CPU.ActiveCfg = Debug|Any CPU
		{16EDD97E-727A-4366-BF79-629295A162D1}.PRD|Any CPU.Build.0 = Debug|Any CPU
		{16EDD97E-727A-4366-BF79-629295A162D1}.Release|Any CPU.ActiveCfg = Release|Any CPU
		{16EDD97E-727A-4366-BF79-629295A162D1}.Release|Any CPU.Build.0 = Release|Any CPU
		{16EDD97E-727A-4366-BF79-629295A162D1}.RFT|Any CPU.ActiveCfg = Debug|Any CPU
		{16EDD97E-727A-4366-BF79-629295A162D1}.RFT|Any CPU.Build.0 = Debug|Any CPU
		{16EDD97E-727A-4366-BF79-629295A162D1}.RFTC1|Any CPU.ActiveCfg = Debug|Any CPU
		{16EDD97E-727A-4366-BF79-629295A162D1}.RFTC1|Any CPU.Build.0 = Debug|Any CPU
		{16EDD97E-727A-4366-BF79-629295A162D1}.RFTC2|Any CPU.ActiveCfg = Debug|Any CPU
		{16EDD97E-727A-4366-BF79-629295A162D1}.RFTC2|Any CPU.Build.0 = Debug|Any CPU
		{16EDD97E-727A-4366-BF79-629295A162D1}.RFTK2|Any CPU.ActiveCfg = Debug|Any CPU
		{16EDD97E-727A-4366-BF79-629295A162D1}.RFTK2|Any CPU.Build.0 = Debug|Any CPU
		{16EDD97E-727A-4366-BF79-629295A162D1}.TST|Any CPU.ActiveCfg = Debug|Any CPU
		{16EDD97E-727A-4366-BF79-629295A162D1}.TST|Any CPU.Build.0 = Debug|Any CPU
		{16EDD97E-727A-4366-BF79-629295A162D1}.UAT|Any CPU.ActiveCfg = Debug|Any CPU
		{16EDD97E-727A-4366-BF79-629295A162D1}.UAT|Any CPU.Build.0 = Debug|Any CPU
		{16EDD97E-727A-4366-BF79-629295A162D1}.UATC1|Any CPU.ActiveCfg = Debug|Any CPU
		{16EDD97E-727A-4366-BF79-629295A162D1}.UATC1|Any CPU.Build.0 = Debug|Any CPU
		{16EDD97E-727A-4366-BF79-629295A162D1}.UATC2|Any CPU.ActiveCfg = Debug|Any CPU
		{16EDD97E-727A-4366-BF79-629295A162D1}.UATC2|Any CPU.Build.0 = Debug|Any CPU
		{16EDD97E-727A-4366-BF79-629295A162D1}.UATK2|Any CPU.ActiveCfg = Debug|Any CPU
		{16EDD97E-727A-4366-BF79-629295A162D1}.UATK2|Any CPU.Build.0 = Debug|Any CPU
		{FD43F4C9-A4E5-4F36-850E-AE9E1B1E986D}.AdvSol|Any CPU.ActiveCfg = Debug|Any CPU
		{FD43F4C9-A4E5-4F36-850E-AE9E1B1E986D}.AdvSol|Any CPU.Build.0 = Debug|Any CPU
		{FD43F4C9-A4E5-4F36-850E-AE9E1B1E986D}.Debug|Any CPU.ActiveCfg = Debug|Any CPU
		{FD43F4C9-A4E5-4F36-850E-AE9E1B1E986D}.Debug|Any CPU.Build.0 = Debug|Any CPU
		{FD43F4C9-A4E5-4F36-850E-AE9E1B1E986D}.DEV|Any CPU.ActiveCfg = Debug|Any CPU
		{FD43F4C9-A4E5-4F36-850E-AE9E1B1E986D}.DEV|Any CPU.Build.0 = Debug|Any CPU
		{FD43F4C9-A4E5-4F36-850E-AE9E1B1E986D}.Final|Any CPU.ActiveCfg = Debug|Any CPU
		{FD43F4C9-A4E5-4F36-850E-AE9E1B1E986D}.Final|Any CPU.Build.0 = Debug|Any CPU
		{FD43F4C9-A4E5-4F36-850E-AE9E1B1E986D}.PRD|Any CPU.ActiveCfg = Debug|Any CPU
		{FD43F4C9-A4E5-4F36-850E-AE9E1B1E986D}.PRD|Any CPU.Build.0 = Debug|Any CPU
		{FD43F4C9-A4E5-4F36-850E-AE9E1B1E986D}.Release|Any CPU.ActiveCfg = Release|Any CPU
		{FD43F4C9-A4E5-4F36-850E-AE9E1B1E986D}.Release|Any CPU.Build.0 = Release|Any CPU
		{FD43F4C9-A4E5-4F36-850E-AE9E1B1E986D}.RFT|Any CPU.ActiveCfg = Release|Any CPU
		{FD43F4C9-A4E5-4F36-850E-AE9E1B1E986D}.RFT|Any CPU.Build.0 = Release|Any CPU
		{FD43F4C9-A4E5-4F36-850E-AE9E1B1E986D}.RFTC1|Any CPU.ActiveCfg = Debug|Any CPU
		{FD43F4C9-A4E5-4F36-850E-AE9E1B1E986D}.RFTC1|Any CPU.Build.0 = Debug|Any CPU
		{FD43F4C9-A4E5-4F36-850E-AE9E1B1E986D}.RFTC2|Any CPU.ActiveCfg = Debug|Any CPU
		{FD43F4C9-A4E5-4F36-850E-AE9E1B1E986D}.RFTC2|Any CPU.Build.0 = Debug|Any CPU
		{FD43F4C9-A4E5-4F36-850E-AE9E1B1E986D}.RFTK2|Any CPU.ActiveCfg = Debug|Any CPU
		{FD43F4C9-A4E5-4F36-850E-AE9E1B1E986D}.RFTK2|Any CPU.Build.0 = Debug|Any CPU
		{FD43F4C9-A4E5-4F36-850E-AE9E1B1E986D}.TST|Any CPU.ActiveCfg = Debug|Any CPU
		{FD43F4C9-A4E5-4F36-850E-AE9E1B1E986D}.TST|Any CPU.Build.0 = Debug|Any CPU
		{FD43F4C9-A4E5-4F36-850E-AE9E1B1E986D}.UAT|Any CPU.ActiveCfg = Debug|Any CPU
		{FD43F4C9-A4E5-4F36-850E-AE9E1B1E986D}.UAT|Any CPU.Build.0 = Debug|Any CPU
		{FD43F4C9-A4E5-4F36-850E-AE9E1B1E986D}.UATC1|Any CPU.ActiveCfg = Debug|Any CPU
		{FD43F4C9-A4E5-4F36-850E-AE9E1B1E986D}.UATC1|Any CPU.Build.0 = Debug|Any CPU
		{FD43F4C9-A4E5-4F36-850E-AE9E1B1E986D}.UATC2|Any CPU.ActiveCfg = Debug|Any CPU
		{FD43F4C9-A4E5-4F36-850E-AE9E1B1E986D}.UATC2|Any CPU.Build.0 = Debug|Any CPU
		{FD43F4C9-A4E5-4F36-850E-AE9E1B1E986D}.UATK2|Any CPU.ActiveCfg = Debug|Any CPU
		{FD43F4C9-A4E5-4F36-850E-AE9E1B1E986D}.UATK2|Any CPU.Build.0 = Debug|Any CPU
	EndGlobalSection
	GlobalSection(SolutionProperties) = preSolution
		HideSolutionNode = FALSE
	EndGlobalSection
	GlobalSection(ExtensibilityGlobals) = postSolution
		SolutionGuid = {555DC8B6-24F8-429B-B0A6-A5DC777ED567}
	EndGlobalSection
EndGlobal
